// !$*UTF8*$!
{
	archiveVersion = 1;
	classes = {
	};
	objectVersion = 46;
	objects = {

/* Begin PBXBuildFile section */
		9B4787E81D7674570060449E /* female32.png in Resources */ = {isa = PBXBuildFile; fileRef = 9B4787E51D7674570060449E /* female32.png */; };
		9B4787E91D7674570060449E /* male32.png in Resources */ = {isa = PBXBuildFile; fileRef = 9B4787E61D7674570060449E /* male32.png */; };
		9B4787EA1D7674570060449E /* nd32.png in Resources */ = {isa = PBXBuildFile; fileRef = 9B4787E71D7674570060449E /* nd32.png */; };
		9B4787EE1D767F020060449E /* DetalhesViewController.swift in Sources */ = {isa = PBXBuildFile; fileRef = 9B4787ED1D767F020060449E /* DetalhesViewController.swift */; };
		AC0F5B681D779D4400A1CFB7 /* Old 3D Skull-64x64.png in Resources */ = {isa = PBXBuildFile; fileRef = AC0F5B661D779D4400A1CFB7 /* Old 3D Skull-64x64.png */; };
		AC0F5B691D779D4400A1CFB7 /* Old 3D Skull-256x256.png in Resources */ = {isa = PBXBuildFile; fileRef = AC0F5B671D779D4400A1CFB7 /* Old 3D Skull-256x256.png */; };
		AC164BF41D71023E00C119A2 /* AnteriorTableViewController.swift in Sources */ = {isa = PBXBuildFile; fileRef = AC164BF31D71023E00C119A2 /* AnteriorTableViewController.swift */; };
		AC164BF61D7102C800C119A2 /* AnteriorTableViewCell.swift in Sources */ = {isa = PBXBuildFile; fileRef = AC164BF51D7102C800C119A2 /* AnteriorTableViewCell.swift */; };
		AC29FC7F1D6E7601001BF5C0 /* MedidasCranio.swift in Sources */ = {isa = PBXBuildFile; fileRef = AC29FC7E1D6E7601001BF5C0 /* MedidasCranio.swift */; };
		AC3CBAEB1D74F483006C475D /* LateralTableViewController.swift in Sources */ = {isa = PBXBuildFile; fileRef = AC3CBAEA1D74F483006C475D /* LateralTableViewController.swift */; };
		AC3CBAED1D74F4B2006C475D /* LateralTableViewCell.swift in Sources */ = {isa = PBXBuildFile; fileRef = AC3CBAEC1D74F4B2006C475D /* LateralTableViewCell.swift */; };
		AC4CE62D1D750CB2004EDF83 /* PosteriorTableViewController.swift in Sources */ = {isa = PBXBuildFile; fileRef = AC4CE62C1D750CB2004EDF83 /* PosteriorTableViewController.swift */; };
		AC4CE62F1D751142004EDF83 /* PosteriorTableViewCell.swift in Sources */ = {isa = PBXBuildFile; fileRef = AC4CE62E1D751142004EDF83 /* PosteriorTableViewCell.swift */; };
		AC8B165E1D8A09EA002667DF /* GoogleService-Info.plist in Resources */ = {isa = PBXBuildFile; fileRef = AC8B165D1D8A09EA002667DF /* GoogleService-Info.plist */; };
		ACFCF5741D6E48EF00DA98D3 /* AppDelegate.swift in Sources */ = {isa = PBXBuildFile; fileRef = ACFCF5731D6E48EF00DA98D3 /* AppDelegate.swift */; };
		ACFCF5761D6E48EF00DA98D3 /* ViewController.swift in Sources */ = {isa = PBXBuildFile; fileRef = ACFCF5751D6E48EF00DA98D3 /* ViewController.swift */; };
		ACFCF5791D6E48EF00DA98D3 /* Main.storyboard in Resources */ = {isa = PBXBuildFile; fileRef = ACFCF5771D6E48EF00DA98D3 /* Main.storyboard */; };
		ACFCF57B1D6E48EF00DA98D3 /* Assets.xcassets in Resources */ = {isa = PBXBuildFile; fileRef = ACFCF57A1D6E48EF00DA98D3 /* Assets.xcassets */; };
		ACFCF57E1D6E48EF00DA98D3 /* LaunchScreen.storyboard in Resources */ = {isa = PBXBuildFile; fileRef = ACFCF57C1D6E48EF00DA98D3 /* LaunchScreen.storyboard */; };
		ACFCF5891D6E48EF00DA98D3 /* CalculadoraCranioTests.swift in Sources */ = {isa = PBXBuildFile; fileRef = ACFCF5881D6E48EF00DA98D3 /* CalculadoraCranioTests.swift */; };
		ACFCF5941D6E48EF00DA98D3 /* CalculadoraCranioUITests.swift in Sources */ = {isa = PBXBuildFile; fileRef = ACFCF5931D6E48EF00DA98D3 /* CalculadoraCranioUITests.swift */; };
		ACFCF5A21D6E557700DA98D3 /* SuperiorTableViewController.swift in Sources */ = {isa = PBXBuildFile; fileRef = ACFCF5A11D6E557700DA98D3 /* SuperiorTableViewController.swift */; };
		ACFCF5A41D6E5AC400DA98D3 /* SuperiorTableViewCell.swift in Sources */ = {isa = PBXBuildFile; fileRef = ACFCF5A31D6E5AC400DA98D3 /* SuperiorTableViewCell.swift */; };
/* End PBXBuildFile section */

/* Begin PBXContainerItemProxy section */
		ACFCF5851D6E48EF00DA98D3 /* PBXContainerItemProxy */ = {
			isa = PBXContainerItemProxy;
			containerPortal = ACFCF5681D6E48EF00DA98D3 /* Project object */;
			proxyType = 1;
			remoteGlobalIDString = ACFCF56F1D6E48EF00DA98D3;
			remoteInfo = CalculadoraCranio;
		};
		ACFCF5901D6E48EF00DA98D3 /* PBXContainerItemProxy */ = {
			isa = PBXContainerItemProxy;
			containerPortal = ACFCF5681D6E48EF00DA98D3 /* Project object */;
			proxyType = 1;
			remoteGlobalIDString = ACFCF56F1D6E48EF00DA98D3;
			remoteInfo = CalculadoraCranio;
		};
/* End PBXContainerItemProxy section */

/* Begin PBXFileReference section */
		07BF49F2A2771FDF87FC3853 /* Pods-CalculadoraCranioTests.release.xcconfig */ = {isa = PBXFileReference; includeInIndex = 1; lastKnownFileType = text.xcconfig; name = "Pods-CalculadoraCranioTests.release.xcconfig"; path = "Pods/Target Support Files/Pods-CalculadoraCranioTests/Pods-CalculadoraCranioTests.release.xcconfig"; sourceTree = "<group>"; };
		35B5BB3D3CADA04CAC856D1C /* Pods-CalculadoraCranioTests.debug.xcconfig */ = {isa = PBXFileReference; includeInIndex = 1; lastKnownFileType = text.xcconfig; name = "Pods-CalculadoraCranioTests.debug.xcconfig"; path = "Pods/Target Support Files/Pods-CalculadoraCranioTests/Pods-CalculadoraCranioTests.debug.xcconfig"; sourceTree = "<group>"; };
		3AC33478F686BA1141E79519 /* Pods-CalculadoraCranioUITests.debug.xcconfig */ = {isa = PBXFileReference; includeInIndex = 1; lastKnownFileType = text.xcconfig; name = "Pods-CalculadoraCranioUITests.debug.xcconfig"; path = "Pods/Target Support Files/Pods-CalculadoraCranioUITests/Pods-CalculadoraCranioUITests.debug.xcconfig"; sourceTree = "<group>"; };
		641C52A891530B9C0657EF8E /* Pods-CalculadoraCranio.debug.xcconfig */ = {isa = PBXFileReference; includeInIndex = 1; lastKnownFileType = text.xcconfig; name = "Pods-CalculadoraCranio.debug.xcconfig"; path = "Pods/Target Support Files/Pods-CalculadoraCranio/Pods-CalculadoraCranio.debug.xcconfig"; sourceTree = "<group>"; };
		7F2A0251347704665BA85097 /* Pods-CalculadoraCranioUITests.release.xcconfig */ = {isa = PBXFileReference; includeInIndex = 1; lastKnownFileType = text.xcconfig; name = "Pods-CalculadoraCranioUITests.release.xcconfig"; path = "Pods/Target Support Files/Pods-CalculadoraCranioUITests/Pods-CalculadoraCranioUITests.release.xcconfig"; sourceTree = "<group>"; };
		9B4787E51D7674570060449E /* female32.png */ = {isa = PBXFileReference; lastKnownFileType = image.png; name = female32.png; path = Imagens/female32.png; sourceTree = "<group>"; };
		9B4787E61D7674570060449E /* male32.png */ = {isa = PBXFileReference; lastKnownFileType = image.png; name = male32.png; path = Imagens/male32.png; sourceTree = "<group>"; };
		9B4787E71D7674570060449E /* nd32.png */ = {isa = PBXFileReference; lastKnownFileType = image.png; name = nd32.png; path = Imagens/nd32.png; sourceTree = "<group>"; };
		9B4787ED1D767F020060449E /* DetalhesViewController.swift */ = {isa = PBXFileReference; fileEncoding = 4; lastKnownFileType = sourcecode.swift; path = DetalhesViewController.swift; sourceTree = "<group>"; };
		A6B651EAB58DDFAC1CFDACE4 /* Pods-CalculadoraCranio.release.xcconfig */ = {isa = PBXFileReference; includeInIndex = 1; lastKnownFileType = text.xcconfig; name = "Pods-CalculadoraCranio.release.xcconfig"; path = "Pods/Target Support Files/Pods-CalculadoraCranio/Pods-CalculadoraCranio.release.xcconfig"; sourceTree = "<group>"; };
		AC0F5B661D779D4400A1CFB7 /* Old 3D Skull-64x64.png */ = {isa = PBXFileReference; lastKnownFileType = image.png; name = "Old 3D Skull-64x64.png"; path = "Imagens/Old 3D Skull-64x64.png"; sourceTree = "<group>"; };
		AC0F5B671D779D4400A1CFB7 /* Old 3D Skull-256x256.png */ = {isa = PBXFileReference; lastKnownFileType = image.png; name = "Old 3D Skull-256x256.png"; path = "Imagens/Old 3D Skull-256x256.png"; sourceTree = "<group>"; };
		AC164BF31D71023E00C119A2 /* AnteriorTableViewController.swift */ = {isa = PBXFileReference; fileEncoding = 4; lastKnownFileType = sourcecode.swift; path = AnteriorTableViewController.swift; sourceTree = "<group>"; };
		AC164BF51D7102C800C119A2 /* AnteriorTableViewCell.swift */ = {isa = PBXFileReference; fileEncoding = 4; lastKnownFileType = sourcecode.swift; path = AnteriorTableViewCell.swift; sourceTree = "<group>"; };
		AC29FC7E1D6E7601001BF5C0 /* MedidasCranio.swift */ = {isa = PBXFileReference; fileEncoding = 4; lastKnownFileType = sourcecode.swift; path = MedidasCranio.swift; sourceTree = "<group>"; };
		AC3CBAEA1D74F483006C475D /* LateralTableViewController.swift */ = {isa = PBXFileReference; fileEncoding = 4; lastKnownFileType = sourcecode.swift; path = LateralTableViewController.swift; sourceTree = "<group>"; };
		AC3CBAEC1D74F4B2006C475D /* LateralTableViewCell.swift */ = {isa = PBXFileReference; fileEncoding = 4; lastKnownFileType = sourcecode.swift; path = LateralTableViewCell.swift; sourceTree = "<group>"; };
		AC4CE62C1D750CB2004EDF83 /* PosteriorTableViewController.swift */ = {isa = PBXFileReference; fileEncoding = 4; lastKnownFileType = sourcecode.swift; path = PosteriorTableViewController.swift; sourceTree = "<group>"; };
		AC4CE62E1D751142004EDF83 /* PosteriorTableViewCell.swift */ = {isa = PBXFileReference; fileEncoding = 4; lastKnownFileType = sourcecode.swift; path = PosteriorTableViewCell.swift; sourceTree = "<group>"; };
		AC8B165D1D8A09EA002667DF /* GoogleService-Info.plist */ = {isa = PBXFileReference; fileEncoding = 4; lastKnownFileType = text.plist.xml; path = "GoogleService-Info.plist"; sourceTree = "<group>"; };
		ACFCF5701D6E48EF00DA98D3 /* CalculadoraCranio.app */ = {isa = PBXFileReference; explicitFileType = wrapper.application; includeInIndex = 0; path = CalculadoraCranio.app; sourceTree = BUILT_PRODUCTS_DIR; };
		ACFCF5731D6E48EF00DA98D3 /* AppDelegate.swift */ = {isa = PBXFileReference; lastKnownFileType = sourcecode.swift; path = AppDelegate.swift; sourceTree = "<group>"; };
		ACFCF5751D6E48EF00DA98D3 /* ViewController.swift */ = {isa = PBXFileReference; lastKnownFileType = sourcecode.swift; path = ViewController.swift; sourceTree = "<group>"; };
		ACFCF5781D6E48EF00DA98D3 /* Base */ = {isa = PBXFileReference; lastKnownFileType = file.storyboard; name = Base; path = Base.lproj/Main.storyboard; sourceTree = "<group>"; };
		ACFCF57A1D6E48EF00DA98D3 /* Assets.xcassets */ = {isa = PBXFileReference; lastKnownFileType = folder.assetcatalog; path = Assets.xcassets; sourceTree = "<group>"; };
		ACFCF57D1D6E48EF00DA98D3 /* Base */ = {isa = PBXFileReference; lastKnownFileType = file.storyboard; name = Base; path = Base.lproj/LaunchScreen.storyboard; sourceTree = "<group>"; };
		ACFCF57F1D6E48EF00DA98D3 /* Info.plist */ = {isa = PBXFileReference; lastKnownFileType = text.plist.xml; path = Info.plist; sourceTree = "<group>"; };
		ACFCF5841D6E48EF00DA98D3 /* CalculadoraCranioTests.xctest */ = {isa = PBXFileReference; explicitFileType = wrapper.cfbundle; includeInIndex = 0; path = CalculadoraCranioTests.xctest; sourceTree = BUILT_PRODUCTS_DIR; };
		ACFCF5881D6E48EF00DA98D3 /* CalculadoraCranioTests.swift */ = {isa = PBXFileReference; lastKnownFileType = sourcecode.swift; path = CalculadoraCranioTests.swift; sourceTree = "<group>"; };
		ACFCF58A1D6E48EF00DA98D3 /* Info.plist */ = {isa = PBXFileReference; lastKnownFileType = text.plist.xml; path = Info.plist; sourceTree = "<group>"; };
		ACFCF58F1D6E48EF00DA98D3 /* CalculadoraCranioUITests.xctest */ = {isa = PBXFileReference; explicitFileType = wrapper.cfbundle; includeInIndex = 0; path = CalculadoraCranioUITests.xctest; sourceTree = BUILT_PRODUCTS_DIR; };
		ACFCF5931D6E48EF00DA98D3 /* CalculadoraCranioUITests.swift */ = {isa = PBXFileReference; lastKnownFileType = sourcecode.swift; path = CalculadoraCranioUITests.swift; sourceTree = "<group>"; };
		ACFCF5951D6E48EF00DA98D3 /* Info.plist */ = {isa = PBXFileReference; lastKnownFileType = text.plist.xml; path = Info.plist; sourceTree = "<group>"; };
		ACFCF5A11D6E557700DA98D3 /* SuperiorTableViewController.swift */ = {isa = PBXFileReference; fileEncoding = 4; lastKnownFileType = sourcecode.swift; path = SuperiorTableViewController.swift; sourceTree = "<group>"; };
		ACFCF5A31D6E5AC400DA98D3 /* SuperiorTableViewCell.swift */ = {isa = PBXFileReference; fileEncoding = 4; lastKnownFileType = sourcecode.swift; path = SuperiorTableViewCell.swift; sourceTree = "<group>"; };
/* End PBXFileReference section */

/* Begin PBXFrameworksBuildPhase section */
		ACFCF56D1D6E48EF00DA98D3 /* Frameworks */ = {
			isa = PBXFrameworksBuildPhase;
			buildActionMask = 2147483647;
			files = (
			);
			runOnlyForDeploymentPostprocessing = 0;
		};
		ACFCF5811D6E48EF00DA98D3 /* Frameworks */ = {
			isa = PBXFrameworksBuildPhase;
			buildActionMask = 2147483647;
			files = (
			);
			runOnlyForDeploymentPostprocessing = 0;
		};
		ACFCF58C1D6E48EF00DA98D3 /* Frameworks */ = {
			isa = PBXFrameworksBuildPhase;
			buildActionMask = 2147483647;
			files = (
			);
			runOnlyForDeploymentPostprocessing = 0;
		};
/* End PBXFrameworksBuildPhase section */

/* Begin PBXGroup section */
		AC3CBAEE1D74F4BF006C475D /* Abas */ = {
			isa = PBXGroup;
			children = (
				ACFCF5A11D6E557700DA98D3 /* SuperiorTableViewController.swift */,
				ACFCF5A31D6E5AC400DA98D3 /* SuperiorTableViewCell.swift */,
				AC164BF31D71023E00C119A2 /* AnteriorTableViewController.swift */,
				AC164BF51D7102C800C119A2 /* AnteriorTableViewCell.swift */,
				AC3CBAEA1D74F483006C475D /* LateralTableViewController.swift */,
				AC3CBAEC1D74F4B2006C475D /* LateralTableViewCell.swift */,
				AC4CE62C1D750CB2004EDF83 /* PosteriorTableViewController.swift */,
				AC4CE62E1D751142004EDF83 /* PosteriorTableViewCell.swift */,
			);
			name = Abas;
			sourceTree = "<group>";
		};
		ACDE9C231D72185A00D4C1A9 /* imagens */ = {
			isa = PBXGroup;
			children = (
				AC0F5B661D779D4400A1CFB7 /* Old 3D Skull-64x64.png */,
				AC0F5B671D779D4400A1CFB7 /* Old 3D Skull-256x256.png */,
				9B4787E51D7674570060449E /* female32.png */,
				9B4787E61D7674570060449E /* male32.png */,
				9B4787E71D7674570060449E /* nd32.png */,
			);
			name = imagens;
			sourceTree = "<group>";
		};
		ACFCF5671D6E48EF00DA98D3 = {
			isa = PBXGroup;
			children = (
				ACFCF5721D6E48EF00DA98D3 /* CalculadoraCranio */,
				ACFCF5871D6E48EF00DA98D3 /* CalculadoraCranioTests */,
				ACFCF5921D6E48EF00DA98D3 /* CalculadoraCranioUITests */,
				ACFCF5711D6E48EF00DA98D3 /* Products */,
				B8FC16C71EFF0B85EAD971C2 /* Pods */,
			);
			sourceTree = "<group>";
		};
		ACFCF5711D6E48EF00DA98D3 /* Products */ = {
			isa = PBXGroup;
			children = (
				ACFCF5701D6E48EF00DA98D3 /* CalculadoraCranio.app */,
				ACFCF5841D6E48EF00DA98D3 /* CalculadoraCranioTests.xctest */,
				ACFCF58F1D6E48EF00DA98D3 /* CalculadoraCranioUITests.xctest */,
			);
			name = Products;
			sourceTree = "<group>";
		};
		ACFCF5721D6E48EF00DA98D3 /* CalculadoraCranio */ = {
			isa = PBXGroup;
			children = (
				AC3CBAEE1D74F4BF006C475D /* Abas */,
				ACDE9C231D72185A00D4C1A9 /* imagens */,
				AC29FC7E1D6E7601001BF5C0 /* MedidasCranio.swift */,
				AC8B165D1D8A09EA002667DF /* GoogleService-Info.plist */,
				ACFCF5731D6E48EF00DA98D3 /* AppDelegate.swift */,
				ACFCF5751D6E48EF00DA98D3 /* ViewController.swift */,
				ACFCF5771D6E48EF00DA98D3 /* Main.storyboard */,
				ACFCF57A1D6E48EF00DA98D3 /* Assets.xcassets */,
				ACFCF57C1D6E48EF00DA98D3 /* LaunchScreen.storyboard */,
				ACFCF57F1D6E48EF00DA98D3 /* Info.plist */,
				9B4787ED1D767F020060449E /* DetalhesViewController.swift */,
			);
			path = CalculadoraCranio;
			sourceTree = "<group>";
		};
		ACFCF5871D6E48EF00DA98D3 /* CalculadoraCranioTests */ = {
			isa = PBXGroup;
			children = (
				ACFCF5881D6E48EF00DA98D3 /* CalculadoraCranioTests.swift */,
				ACFCF58A1D6E48EF00DA98D3 /* Info.plist */,
			);
			path = CalculadoraCranioTests;
			sourceTree = "<group>";
		};
		ACFCF5921D6E48EF00DA98D3 /* CalculadoraCranioUITests */ = {
			isa = PBXGroup;
			children = (
				ACFCF5931D6E48EF00DA98D3 /* CalculadoraCranioUITests.swift */,
				ACFCF5951D6E48EF00DA98D3 /* Info.plist */,
			);
			path = CalculadoraCranioUITests;
			sourceTree = "<group>";
		};
		B8FC16C71EFF0B85EAD971C2 /* Pods */ = {
			isa = PBXGroup;
			children = (
				641C52A891530B9C0657EF8E /* Pods-CalculadoraCranio.debug.xcconfig */,
				A6B651EAB58DDFAC1CFDACE4 /* Pods-CalculadoraCranio.release.xcconfig */,
				35B5BB3D3CADA04CAC856D1C /* Pods-CalculadoraCranioTests.debug.xcconfig */,
				07BF49F2A2771FDF87FC3853 /* Pods-CalculadoraCranioTests.release.xcconfig */,
				3AC33478F686BA1141E79519 /* Pods-CalculadoraCranioUITests.debug.xcconfig */,
				7F2A0251347704665BA85097 /* Pods-CalculadoraCranioUITests.release.xcconfig */,
			);
			name = Pods;
			sourceTree = "<group>";
		};
/* End PBXGroup section */

/* Begin PBXNativeTarget section */
		ACFCF56F1D6E48EF00DA98D3 /* CalculadoraCranio */ = {
			isa = PBXNativeTarget;
			buildConfigurationList = ACFCF5981D6E48EF00DA98D3 /* Build configuration list for PBXNativeTarget "CalculadoraCranio" */;
			buildPhases = (
				7BF673FE205965E98C638993 /* [CP] Check Pods Manifest.lock */,
				ACFCF56C1D6E48EF00DA98D3 /* Sources */,
				ACFCF56D1D6E48EF00DA98D3 /* Frameworks */,
				ACFCF56E1D6E48EF00DA98D3 /* Resources */,
				5751EE931BB5329DE7D35A9A /* [CP] Embed Pods Frameworks */,
				F4A753B9F8E522E664FCE05C /* [CP] Copy Pods Resources */,
			);
			buildRules = (
			);
			dependencies = (
			);
			name = CalculadoraCranio;
			productName = CalculadoraCranio;
			productReference = ACFCF5701D6E48EF00DA98D3 /* CalculadoraCranio.app */;
			productType = "com.apple.product-type.application";
		};
		ACFCF5831D6E48EF00DA98D3 /* CalculadoraCranioTests */ = {
			isa = PBXNativeTarget;
			buildConfigurationList = ACFCF59B1D6E48EF00DA98D3 /* Build configuration list for PBXNativeTarget "CalculadoraCranioTests" */;
			buildPhases = (
				F0F8843FE7C44D6E7A410322 /* [CP] Check Pods Manifest.lock */,
				ACFCF5801D6E48EF00DA98D3 /* Sources */,
				ACFCF5811D6E48EF00DA98D3 /* Frameworks */,
				ACFCF5821D6E48EF00DA98D3 /* Resources */,
				471C0E20CDA553F1F2FFB164 /* [CP] Embed Pods Frameworks */,
				1062DF8AD523C82817E13008 /* [CP] Copy Pods Resources */,
			);
			buildRules = (
			);
			dependencies = (
				ACFCF5861D6E48EF00DA98D3 /* PBXTargetDependency */,
			);
			name = CalculadoraCranioTests;
			productName = CalculadoraCranioTests;
			productReference = ACFCF5841D6E48EF00DA98D3 /* CalculadoraCranioTests.xctest */;
			productType = "com.apple.product-type.bundle.unit-test";
		};
		ACFCF58E1D6E48EF00DA98D3 /* CalculadoraCranioUITests */ = {
			isa = PBXNativeTarget;
			buildConfigurationList = ACFCF59E1D6E48EF00DA98D3 /* Build configuration list for PBXNativeTarget "CalculadoraCranioUITests" */;
			buildPhases = (
				B9FFBA0D3FA447F24F81C1C6 /* [CP] Check Pods Manifest.lock */,
				ACFCF58B1D6E48EF00DA98D3 /* Sources */,
				ACFCF58C1D6E48EF00DA98D3 /* Frameworks */,
				ACFCF58D1D6E48EF00DA98D3 /* Resources */,
				872C3DBF0E2A7120BCC4DEE6 /* [CP] Copy Pods Resources */,
			);
			buildRules = (
			);
			dependencies = (
				ACFCF5911D6E48EF00DA98D3 /* PBXTargetDependency */,
			);
			name = CalculadoraCranioUITests;
			productName = CalculadoraCranioUITests;
			productReference = ACFCF58F1D6E48EF00DA98D3 /* CalculadoraCranioUITests.xctest */;
			productType = "com.apple.product-type.bundle.ui-testing";
		};
/* End PBXNativeTarget section */

/* Begin PBXProject section */
		ACFCF5681D6E48EF00DA98D3 /* Project object */ = {
			isa = PBXProject;
			attributes = {
				LastSwiftUpdateCheck = 0730;
				LastUpgradeCheck = 0730;
				ORGANIZATIONNAME = LLMM;
				TargetAttributes = {
					ACFCF56F1D6E48EF00DA98D3 = {
						CreatedOnToolsVersion = 7.3.1;
					};
					ACFCF5831D6E48EF00DA98D3 = {
						CreatedOnToolsVersion = 7.3.1;
						TestTargetID = ACFCF56F1D6E48EF00DA98D3;
					};
					ACFCF58E1D6E48EF00DA98D3 = {
						CreatedOnToolsVersion = 7.3.1;
						TestTargetID = ACFCF56F1D6E48EF00DA98D3;
					};
				};
			};
			buildConfigurationList = ACFCF56B1D6E48EF00DA98D3 /* Build configuration list for PBXProject "CalculadoraCranio" */;
			compatibilityVersion = "Xcode 3.2";
			developmentRegion = English;
			hasScannedForEncodings = 0;
			knownRegions = (
				en,
				Base,
			);
			mainGroup = ACFCF5671D6E48EF00DA98D3;
			productRefGroup = ACFCF5711D6E48EF00DA98D3 /* Products */;
			projectDirPath = "";
			projectRoot = "";
			targets = (
				ACFCF56F1D6E48EF00DA98D3 /* CalculadoraCranio */,
				ACFCF5831D6E48EF00DA98D3 /* CalculadoraCranioTests */,
				ACFCF58E1D6E48EF00DA98D3 /* CalculadoraCranioUITests */,
			);
		};
/* End PBXProject section */

/* Begin PBXResourcesBuildPhase section */
		ACFCF56E1D6E48EF00DA98D3 /* Resources */ = {
			isa = PBXResourcesBuildPhase;
			buildActionMask = 2147483647;
			files = (
				ACFCF57E1D6E48EF00DA98D3 /* LaunchScreen.storyboard in Resources */,
				9B4787E91D7674570060449E /* male32.png in Resources */,
				AC8B165E1D8A09EA002667DF /* GoogleService-Info.plist in Resources */,
				9B4787EA1D7674570060449E /* nd32.png in Resources */,
				AC0F5B691D779D4400A1CFB7 /* Old 3D Skull-256x256.png in Resources */,
				ACFCF57B1D6E48EF00DA98D3 /* Assets.xcassets in Resources */,
				9B4787E81D7674570060449E /* female32.png in Resources */,
				AC0F5B681D779D4400A1CFB7 /* Old 3D Skull-64x64.png in Resources */,
				ACFCF5791D6E48EF00DA98D3 /* Main.storyboard in Resources */,
			);
			runOnlyForDeploymentPostprocessing = 0;
		};
		ACFCF5821D6E48EF00DA98D3 /* Resources */ = {
			isa = PBXResourcesBuildPhase;
			buildActionMask = 2147483647;
			files = (
			);
			runOnlyForDeploymentPostprocessing = 0;
		};
		ACFCF58D1D6E48EF00DA98D3 /* Resources */ = {
			isa = PBXResourcesBuildPhase;
			buildActionMask = 2147483647;
			files = (
			);
			runOnlyForDeploymentPostprocessing = 0;
		};
/* End PBXResourcesBuildPhase section */

/* Begin PBXShellScriptBuildPhase section */
		1062DF8AD523C82817E13008 /* [CP] Copy Pods Resources */ = {
			isa = PBXShellScriptBuildPhase;
			buildActionMask = 2147483647;
			files = (
			);
			inputPaths = (
			);
			name = "[CP] Copy Pods Resources";
			outputPaths = (
			);
			runOnlyForDeploymentPostprocessing = 0;
			shellPath = /bin/sh;
			shellScript = "\"${SRCROOT}/Pods/Target Support Files/Pods-CalculadoraCranioTests/Pods-CalculadoraCranioTests-resources.sh\"\n";
			showEnvVarsInLog = 0;
		};
		471C0E20CDA553F1F2FFB164 /* [CP] Embed Pods Frameworks */ = {
			isa = PBXShellScriptBuildPhase;
			buildActionMask = 2147483647;
			files = (
			);
			inputPaths = (
			);
			name = "[CP] Embed Pods Frameworks";
			outputPaths = (
			);
			runOnlyForDeploymentPostprocessing = 0;
			shellPath = /bin/sh;
			shellScript = "\"${SRCROOT}/Pods/Target Support Files/Pods-CalculadoraCranioTests/Pods-CalculadoraCranioTests-frameworks.sh\"\n";
			showEnvVarsInLog = 0;
		};
		5751EE931BB5329DE7D35A9A /* [CP] Embed Pods Frameworks */ = {
			isa = PBXShellScriptBuildPhase;
			buildActionMask = 2147483647;
			files = (
			);
			inputPaths = (
			);
			name = "[CP] Embed Pods Frameworks";
			outputPaths = (
			);
			runOnlyForDeploymentPostprocessing = 0;
			shellPath = /bin/sh;
			shellScript = "\"${SRCROOT}/Pods/Target Support Files/Pods-CalculadoraCranio/Pods-CalculadoraCranio-frameworks.sh\"\n";
			showEnvVarsInLog = 0;
		};
		7BF673FE205965E98C638993 /* [CP] Check Pods Manifest.lock */ = {
			isa = PBXShellScriptBuildPhase;
			buildActionMask = 2147483647;
			files = (
			);
			inputPaths = (
			);
			name = "[CP] Check Pods Manifest.lock";
			outputPaths = (
			);
			runOnlyForDeploymentPostprocessing = 0;
			shellPath = /bin/sh;
			shellScript = "diff \"${PODS_ROOT}/../Podfile.lock\" \"${PODS_ROOT}/Manifest.lock\" > /dev/null\nif [[ $? != 0 ]] ; then\n    cat << EOM\nerror: The sandbox is not in sync with the Podfile.lock. Run 'pod install' or update your CocoaPods installation.\nEOM\n    exit 1\nfi\n";
			showEnvVarsInLog = 0;
		};
		872C3DBF0E2A7120BCC4DEE6 /* [CP] Copy Pods Resources */ = {
			isa = PBXShellScriptBuildPhase;
			buildActionMask = 2147483647;
			files = (
			);
			inputPaths = (
			);
			name = "[CP] Copy Pods Resources";
			outputPaths = (
			);
			runOnlyForDeploymentPostprocessing = 0;
			shellPath = /bin/sh;
			shellScript = "\"${SRCROOT}/Pods/Target Support Files/Pods-CalculadoraCranioUITests/Pods-CalculadoraCranioUITests-resources.sh\"\n";
			showEnvVarsInLog = 0;
		};
		B9FFBA0D3FA447F24F81C1C6 /* [CP] Check Pods Manifest.lock */ = {
			isa = PBXShellScriptBuildPhase;
			buildActionMask = 2147483647;
			files = (
			);
			inputPaths = (
			);
			name = "[CP] Check Pods Manifest.lock";
			outputPaths = (
			);
			runOnlyForDeploymentPostprocessing = 0;
			shellPath = /bin/sh;
			shellScript = "diff \"${PODS_ROOT}/../Podfile.lock\" \"${PODS_ROOT}/Manifest.lock\" > /dev/null\nif [[ $? != 0 ]] ; then\n    cat << EOM\nerror: The sandbox is not in sync with the Podfile.lock. Run 'pod install' or update your CocoaPods installation.\nEOM\n    exit 1\nfi\n";
			showEnvVarsInLog = 0;
		};
		F0F8843FE7C44D6E7A410322 /* [CP] Check Pods Manifest.lock */ = {
			isa = PBXShellScriptBuildPhase;
			buildActionMask = 2147483647;
			files = (
			);
			inputPaths = (
			);
			name = "[CP] Check Pods Manifest.lock";
			outputPaths = (
			);
			runOnlyForDeploymentPostprocessing = 0;
			shellPath = /bin/sh;
			shellScript = "diff \"${PODS_ROOT}/../Podfile.lock\" \"${PODS_ROOT}/Manifest.lock\" > /dev/null\nif [[ $? != 0 ]] ; then\n    cat << EOM\nerror: The sandbox is not in sync with the Podfile.lock. Run 'pod install' or update your CocoaPods installation.\nEOM\n    exit 1\nfi\n";
			showEnvVarsInLog = 0;
		};
		F4A753B9F8E522E664FCE05C /* [CP] Copy Pods Resources */ = {
			isa = PBXShellScriptBuildPhase;
			buildActionMask = 2147483647;
			files = (
			);
			inputPaths = (
			);
			name = "[CP] Copy Pods Resources";
			outputPaths = (
			);
			runOnlyForDeploymentPostprocessing = 0;
			shellPath = /bin/sh;
			shellScript = "\"${SRCROOT}/Pods/Target Support Files/Pods-CalculadoraCranio/Pods-CalculadoraCranio-resources.sh\"\n";
			showEnvVarsInLog = 0;
		};
/* End PBXShellScriptBuildPhase section */

/* Begin PBXSourcesBuildPhase section */
		ACFCF56C1D6E48EF00DA98D3 /* Sources */ = {
			isa = PBXSourcesBuildPhase;
			buildActionMask = 2147483647;
			files = (
				ACFCF5761D6E48EF00DA98D3 /* ViewController.swift in Sources */,
				AC3CBAED1D74F4B2006C475D /* LateralTableViewCell.swift in Sources */,
				AC164BF61D7102C800C119A2 /* AnteriorTableViewCell.swift in Sources */,
				AC164BF41D71023E00C119A2 /* AnteriorTableViewController.swift in Sources */,
				ACFCF5741D6E48EF00DA98D3 /* AppDelegate.swift in Sources */,
				ACFCF5A41D6E5AC400DA98D3 /* SuperiorTableViewCell.swift in Sources */,
				ACFCF5A21D6E557700DA98D3 /* SuperiorTableViewController.swift in Sources */,
				AC4CE62D1D750CB2004EDF83 /* PosteriorTableViewController.swift in Sources */,
				9B4787EE1D767F020060449E /* DetalhesViewController.swift in Sources */,
				AC3CBAEB1D74F483006C475D /* LateralTableViewController.swift in Sources */,
				AC4CE62F1D751142004EDF83 /* PosteriorTableViewCell.swift in Sources */,
				AC29FC7F1D6E7601001BF5C0 /* MedidasCranio.swift in Sources */,
			);
			runOnlyForDeploymentPostprocessing = 0;
		};
		ACFCF5801D6E48EF00DA98D3 /* Sources */ = {
			isa = PBXSourcesBuildPhase;
			buildActionMask = 2147483647;
			files = (
				ACFCF5891D6E48EF00DA98D3 /* CalculadoraCranioTests.swift in Sources */,
			);
			runOnlyForDeploymentPostprocessing = 0;
		};
		ACFCF58B1D6E48EF00DA98D3 /* Sources */ = {
			isa = PBXSourcesBuildPhase;
			buildActionMask = 2147483647;
			files = (
				ACFCF5941D6E48EF00DA98D3 /* CalculadoraCranioUITests.swift in Sources */,
			);
			runOnlyForDeploymentPostprocessing = 0;
		};
/* End PBXSourcesBuildPhase section */

/* Begin PBXTargetDependency section */
		ACFCF5861D6E48EF00DA98D3 /* PBXTargetDependency */ = {
			isa = PBXTargetDependency;
			target = ACFCF56F1D6E48EF00DA98D3 /* CalculadoraCranio */;
			targetProxy = ACFCF5851D6E48EF00DA98D3 /* PBXContainerItemProxy */;
		};
		ACFCF5911D6E48EF00DA98D3 /* PBXTargetDependency */ = {
			isa = PBXTargetDependency;
			target = ACFCF56F1D6E48EF00DA98D3 /* CalculadoraCranio */;
			targetProxy = ACFCF5901D6E48EF00DA98D3 /* PBXContainerItemProxy */;
		};
/* End PBXTargetDependency section */

/* Begin PBXVariantGroup section */
		ACFCF5771D6E48EF00DA98D3 /* Main.storyboard */ = {
			isa = PBXVariantGroup;
			children = (
				ACFCF5781D6E48EF00DA98D3 /* Base */,
			);
			name = Main.storyboard;
			sourceTree = "<group>";
		};
		ACFCF57C1D6E48EF00DA98D3 /* LaunchScreen.storyboard */ = {
			isa = PBXVariantGroup;
			children = (
				ACFCF57D1D6E48EF00DA98D3 /* Base */,
			);
			name = LaunchScreen.storyboard;
			sourceTree = "<group>";
		};
/* End PBXVariantGroup section */

/* Begin XCBuildConfiguration section */
		ACFCF5961D6E48EF00DA98D3 /* Debug */ = {
			isa = XCBuildConfiguration;
			buildSettings = {
				ALWAYS_SEARCH_USER_PATHS = NO;
				CLANG_ANALYZER_NONNULL = YES;
				CLANG_CXX_LANGUAGE_STANDARD = "gnu++0x";
				CLANG_CXX_LIBRARY = "libc++";
				CLANG_ENABLE_MODULES = YES;
				CLANG_ENABLE_OBJC_ARC = YES;
				CLANG_WARN_BOOL_CONVERSION = YES;
				CLANG_WARN_CONSTANT_CONVERSION = YES;
				CLANG_WARN_DIRECT_OBJC_ISA_USAGE = YES_ERROR;
				CLANG_WARN_EMPTY_BODY = YES;
				CLANG_WARN_ENUM_CONVERSION = YES;
				CLANG_WARN_INT_CONVERSION = YES;
				CLANG_WARN_OBJC_ROOT_CLASS = YES_ERROR;
				CLANG_WARN_UNREACHABLE_CODE = YES;
				CLANG_WARN__DUPLICATE_METHOD_MATCH = YES;
				"CODE_SIGN_IDENTITY[sdk=iphoneos*]" = "iPhone Developer";
				COPY_PHASE_STRIP = NO;
				DEBUG_INFORMATION_FORMAT = dwarf;
				ENABLE_STRICT_OBJC_MSGSEND = YES;
				ENABLE_TESTABILITY = YES;
				GCC_C_LANGUAGE_STANDARD = gnu99;
				GCC_DYNAMIC_NO_PIC = NO;
				GCC_NO_COMMON_BLOCKS = YES;
				GCC_OPTIMIZATION_LEVEL = 0;
				GCC_PREPROCESSOR_DEFINITIONS = (
					"DEBUG=1",
					"$(inherited)",
				);
				GCC_WARN_64_TO_32_BIT_CONVERSION = YES;
				GCC_WARN_ABOUT_RETURN_TYPE = YES_ERROR;
				GCC_WARN_UNDECLARED_SELECTOR = YES;
				GCC_WARN_UNINITIALIZED_AUTOS = YES_AGGRESSIVE;
				GCC_WARN_UNUSED_FUNCTION = YES;
				GCC_WARN_UNUSED_VARIABLE = YES;
				IPHONEOS_DEPLOYMENT_TARGET = 9.3;
				MTL_ENABLE_DEBUG_INFO = YES;
				ONLY_ACTIVE_ARCH = YES;
				SDKROOT = iphoneos;
				SWIFT_OPTIMIZATION_LEVEL = "-Onone";
				TARGETED_DEVICE_FAMILY = "1,2";
			};
			name = Debug;
		};
		ACFCF5971D6E48EF00DA98D3 /* Release */ = {
			isa = XCBuildConfiguration;
			buildSettings = {
				ALWAYS_SEARCH_USER_PATHS = NO;
				CLANG_ANALYZER_NONNULL = YES;
				CLANG_CXX_LANGUAGE_STANDARD = "gnu++0x";
				CLANG_CXX_LIBRARY = "libc++";
				CLANG_ENABLE_MODULES = YES;
				CLANG_ENABLE_OBJC_ARC = YES;
				CLANG_WARN_BOOL_CONVERSION = YES;
				CLANG_WARN_CONSTANT_CONVERSION = YES;
				CLANG_WARN_DIRECT_OBJC_ISA_USAGE = YES_ERROR;
				CLANG_WARN_EMPTY_BODY = YES;
				CLANG_WARN_ENUM_CONVERSION = YES;
				CLANG_WARN_INT_CONVERSION = YES;
				CLANG_WARN_OBJC_ROOT_CLASS = YES_ERROR;
				CLANG_WARN_UNREACHABLE_CODE = YES;
				CLANG_WARN__DUPLICATE_METHOD_MATCH = YES;
				"CODE_SIGN_IDENTITY[sdk=iphoneos*]" = "iPhone Developer";
				COPY_PHASE_STRIP = NO;
				DEBUG_INFORMATION_FORMAT = "dwarf-with-dsym";
				ENABLE_NS_ASSERTIONS = NO;
				ENABLE_STRICT_OBJC_MSGSEND = YES;
				GCC_C_LANGUAGE_STANDARD = gnu99;
				GCC_NO_COMMON_BLOCKS = YES;
				GCC_WARN_64_TO_32_BIT_CONVERSION = YES;
				GCC_WARN_ABOUT_RETURN_TYPE = YES_ERROR;
				GCC_WARN_UNDECLARED_SELECTOR = YES;
				GCC_WARN_UNINITIALIZED_AUTOS = YES_AGGRESSIVE;
				GCC_WARN_UNUSED_FUNCTION = YES;
				GCC_WARN_UNUSED_VARIABLE = YES;
				IPHONEOS_DEPLOYMENT_TARGET = 9.3;
				MTL_ENABLE_DEBUG_INFO = NO;
				SDKROOT = iphoneos;
				TARGETED_DEVICE_FAMILY = "1,2";
				VALIDATE_PRODUCT = YES;
			};
			name = Release;
		};
		ACFCF5991D6E48EF00DA98D3 /* Debug */ = {
			isa = XCBuildConfiguration;
			baseConfigurationReference = 641C52A891530B9C0657EF8E /* Pods-CalculadoraCranio.debug.xcconfig */;
			buildSettings = {
				ASSETCATALOG_COMPILER_APPICON_NAME = AppIcon;
				INFOPLIST_FILE = CalculadoraCranio/Info.plist;
				LD_RUNPATH_SEARCH_PATHS = "$(inherited) @executable_path/Frameworks";
				PRODUCT_BUNDLE_IDENTIFIER = LLMM.CalculadoraCranio;
				PRODUCT_NAME = "$(TARGET_NAME)";
			};
			name = Debug;
		};
		ACFCF59A1D6E48EF00DA98D3 /* Release */ = {
			isa = XCBuildConfiguration;
			baseConfigurationReference = A6B651EAB58DDFAC1CFDACE4 /* Pods-CalculadoraCranio.release.xcconfig */;
			buildSettings = {
				ASSETCATALOG_COMPILER_APPICON_NAME = AppIcon;
				INFOPLIST_FILE = CalculadoraCranio/Info.plist;
				LD_RUNPATH_SEARCH_PATHS = "$(inherited) @executable_path/Frameworks";
				PRODUCT_BUNDLE_IDENTIFIER = LLMM.CalculadoraCranio;
				PRODUCT_NAME = "$(TARGET_NAME)";
			};
			name = Release;
		};
		ACFCF59C1D6E48EF00DA98D3 /* Debug */ = {
			isa = XCBuildConfiguration;
			baseConfigurationReference = 35B5BB3D3CADA04CAC856D1C /* Pods-CalculadoraCranioTests.debug.xcconfig */;
			buildSettings = {
				BUNDLE_LOADER = "$(TEST_HOST)";
				INFOPLIST_FILE = CalculadoraCranioTests/Info.plist;
				LD_RUNPATH_SEARCH_PATHS = "$(inherited) @executable_path/Frameworks @loader_path/Frameworks";
				PRODUCT_BUNDLE_IDENTIFIER = LLMM.CalculadoraCranioTests;
				PRODUCT_NAME = "$(TARGET_NAME)";
				TEST_HOST = "$(BUILT_PRODUCTS_DIR)/CalculadoraCranio.app/CalculadoraCranio";
			};
			name = Debug;
		};
		ACFCF59D1D6E48EF00DA98D3 /* Release */ = {
			isa = XCBuildConfiguration;
			baseConfigurationReference = 07BF49F2A2771FDF87FC3853 /* Pods-CalculadoraCranioTests.release.xcconfig */;
			buildSettings = {
				BUNDLE_LOADER = "$(TEST_HOST)";
				INFOPLIST_FILE = CalculadoraCranioTests/Info.plist;
				LD_RUNPATH_SEARCH_PATHS = "$(inherited) @executable_path/Frameworks @loader_path/Frameworks";
				PRODUCT_BUNDLE_IDENTIFIER = LLMM.CalculadoraCranioTests;
				PRODUCT_NAME = "$(TARGET_NAME)";
				TEST_HOST = "$(BUILT_PRODUCTS_DIR)/CalculadoraCranio.app/CalculadoraCranio";
			};
			name = Release;
		};
		ACFCF59F1D6E48EF00DA98D3 /* Debug */ = {
			isa = XCBuildConfiguration;
			baseConfigurationReference = 3AC33478F686BA1141E79519 /* Pods-CalculadoraCranioUITests.debug.xcconfig */;
			buildSettings = {
				INFOPLIST_FILE = CalculadoraCranioUITests/Info.plist;
				LD_RUNPATH_SEARCH_PATHS = "$(inherited) @executable_path/Frameworks @loader_path/Frameworks";
				PRODUCT_BUNDLE_IDENTIFIER = LLMM.CalculadoraCranioUITests;
				PRODUCT_NAME = "$(TARGET_NAME)";
				TEST_TARGET_NAME = CalculadoraCranio;
			};
			name = Debug;
		};
		ACFCF5A01D6E48EF00DA98D3 /* Release */ = {
			isa = XCBuildConfiguration;
			baseConfigurationReference = 7F2A0251347704665BA85097 /* Pods-CalculadoraCranioUITests.release.xcconfig */;
			buildSettings = {
				INFOPLIST_FILE = CalculadoraCranioUITests/Info.plist;
				LD_RUNPATH_SEARCH_PATHS = "$(inherited) @executable_path/Frameworks @loader_path/Frameworks";
				PRODUCT_BUNDLE_IDENTIFIER = LLMM.CalculadoraCranioUITests;
				PRODUCT_NAME = "$(TARGET_NAME)";
				TEST_TARGET_NAME = CalculadoraCranio;
			};
			name = Release;
		};
/* End XCBuildConfiguration section */

/* Begin XCConfigurationList section */
		ACFCF56B1D6E48EF00DA98D3 /* Build configuration list for PBXProject "CalculadoraCranio" */ = {
			isa = XCConfigurationList;
			buildConfigurations = (
				ACFCF5961D6E48EF00DA98D3 /* Debug */,
				ACFCF5971D6E48EF00DA98D3 /* Release */,
			);
			defaultConfigurationIsVisible = 0;
			defaultConfigurationName = Release;
		};
		ACFCF5981D6E48EF00DA98D3 /* Build configuration list for PBXNativeTarget "CalculadoraCranio" */ = {
			isa = XCConfigurationList;
			buildConfigurations = (
				ACFCF5991D6E48EF00DA98D3 /* Debug */,
				ACFCF59A1D6E48EF00DA98D3 /* Release */,
			);
			defaultConfigurationIsVisible = 0;
			defaultConfigurationName = Release;
		};
		ACFCF59B1D6E48EF00DA98D3 /* Build configuration list for PBXNativeTarget "CalculadoraCranioTests" */ = {
			isa = XCConfigurationList;
			buildConfigurations = (
				ACFCF59C1D6E48EF00DA98D3 /* Debug */,
				ACFCF59D1D6E48EF00DA98D3 /* Release */,
			);
			defaultConfigurationIsVisible = 0;
			defaultConfigurationName = Release;
		};
		ACFCF59E1D6E48EF00DA98D3 /* Build configuration list for PBXNativeTarget "CalculadoraCranioUITests" */ = {
			isa = XCConfigurationList;
			buildConfigurations = (
				ACFCF59F1D6E48EF00DA98D3 /* Debug */,
				ACFCF5A01D6E48EF00DA98D3 /* Release */,
			);
			defaultConfigurationIsVisible = 0;
			defaultConfigurationName = Release;
		};
/* End XCConfigurationList section */
	};
	rootObject = ACFCF5681D6E48EF00DA98D3 /* Project object */;
}
